{
  "name": "skeleton",
  "version": "0.1.0",
  "lockfileVersion": 3,
  "requires": true,
  "packages": {
    "": {
      "name": "skeleton",
      "version": "0.1.0",
      "license": "MIT",
      "dependencies": {
        "@agentclientprotocol/sdk": "*"
      },
      "engines": {
        "node": ">=22"
      },
      "optionalDependencies": {
        "@agentclientprotocol/sdk": "^0.21.0"
      }
    },
    "node_modules/@agentclientprotocol/sdk": {
      "version": "0.21.0",
      "resolved": "https://registry.npmmirror.com/@agentclientprotocol/sdk/-/sdk-0.21.0.tgz",
      "integrity": "sha512-ONj+Q8qOdNQp5XbH5jnMwzT9IKZJsSN0p0lkceS4GtUtNOPVLpNzSS8gqQdGMKfBvA0ESbkL8BTaSN1Rc9miEw==",
      "license": "Apache-2.0",
      "optional": true,
      "peerDependencies": {
        "zod": "^3.25.0 || ^4.0.0"
      }
    },
    "node_modules/zod": {
      "version": "4.4.3",
      "resolved": "https://registry.npmmirror.com/zod/-/zod-4.4.3.tgz",
      "integrity": "sha512-ytENFjIJFl2UwYglde2jchW2Hwm4GJFLDiSXWdTrJQBIN9Fcyp7n4DhxJEiWNAJMV1/BqWfW/kkg71UDcHJyTQ==",
      "license": "MIT",
      "optional": true,
      "peer": true,
      "funding": {
        "url": "https://github.com/sponsors/colinhacks"
      }
    }
  }
}
